<?xml version="1.0" encoding="UTF-8"?>
<Solution>
	<Configurations>
		<BuildType Name="Debug"/>
		<BuildType Name="Release"/>
		<BuildType Name="MinSizeRel"/>
		<BuildType Name="RelWithDebInfo"/>
		<Platform Name="x64"/>
	</Configurations>
	<Project Path="ALL_BUILD.vcxproj" Type="8bc9ceb8-8b4a-11d0-8d11-00a0c91bc942" Id="ea1de1cc-dbb1-390d-88be-cab1d15c3ff3" DefaultStartup="true">
		<BuildDependency Project="ZERO_CHECK.vcxproj"/>
		<BuildDependency Project="evidence_source_adapter_test.vcxproj"/>
		<BuildDependency Project="flight_evidence_recorder_test.vcxproj"/>
		<BuildDependency Project="universal_autopilot_adapter_contract_test.vcxproj"/>
		<BuildDependency Project="universal_equipment_adapter_contract_test.vcxproj"/>
		<Build Solution="Debug|*" Project="false"/>
		<Build Solution="Release|*" Project="false"/>
		<Build Solution="MinSizeRel|*" Project="false"/>
		<Build Solution="RelWithDebInfo|*" Project="false"/>
	</Project>
	<Project Path="RUN_TESTS.vcxproj" Type="8bc9ceb8-8b4a-11d0-8d11-00a0c91bc942" Id="a0bce880-d639-354d-8f31-d1d2a294fa3b">
		<BuildDependency Project="ZERO_CHECK.vcxproj"/>
		<Build Solution="Debug|*" Project="false"/>
		<Build Solution="Release|*" Project="false"/>
		<Build Solution="MinSizeRel|*" Project="false"/>
		<Build Solution="RelWithDebInfo|*" Project="false"/>
	</Project>
	<Project Path="ZERO_CHECK.vcxproj" Type="8bc9ceb8-8b4a-11d0-8d11-00a0c91bc942" Id="b3906c7b-7f0a-3455-8d9b-e6f79c5b63b0"/>
	<Project Path="evidence_source_adapter_test.vcxproj" Type="8bc9ceb8-8b4a-11d0-8d11-00a0c91bc942" Id="ce31c9a7-78ad-3b37-ac7f-5e71bd68ccf2">
		<BuildDependency Project="ZERO_CHECK.vcxproj"/>
	</Project>
	<Project Path="flight_evidence_recorder_test.vcxproj" Type="8bc9ceb8-8b4a-11d0-8d11-00a0c91bc942" Id="e97df2fc-5f8b-3668-bcfa-38f710f315ee">
		<BuildDependency Project="ZERO_CHECK.vcxproj"/>
	</Project>
	<Project Path="universal_autopilot_adapter_contract_test.vcxproj" Type="8bc9ceb8-8b4a-11d0-8d11-00a0c91bc942" Id="ee72ef93-937d-38fa-bfb4-c0f8fdc40929">
		<BuildDependency Project="ZERO_CHECK.vcxproj"/>
	</Project>
	<Project Path="universal_equipment_adapter_contract_test.vcxproj" Type="8bc9ceb8-8b4a-11d0-8d11-00a0c91bc942" Id="ba00c050-cbe4-301d-973c-ca07057bf5a8">
		<BuildDependency Project="ZERO_CHECK.vcxproj"/>
	</Project>
</Solution>
